{
   "name": "esdr-client",
   "version": "0.6.0",
   "lockfileVersion": 1,
   "requires": true,
   "dependencies": {
      "@log4js-node/log4js-api": {
         "version": "1.0.2",
         "resolved": "https://registry.npmjs.org/@log4js-node/log4js-api/-/log4js-api-1.0.2.tgz",
         "integrity": "sha512-6SJfx949YEWooh/CUPpJ+F491y4BYJmknz4hUN1+RHvKoUEynKbRmhnwbk/VLmh4OthLLDNCyWXfbh4DG1cTXA=="
      },
      "axios": {
         "version": "0.24.0",
         "resolved": "https://registry.npmjs.org/axios/-/axios-0.24.0.tgz",
         "integrity": "sha512-Q6cWsys88HoPgAaFAVUb0WpPk0O8iTeisR9IMqy9G8AbO4NlpVknrnQS03zzF9PGAWgO3cgletO3VjV/P7VztA==",
         "requires": {
            "follow-redirects": "^1.14.4"
         }
      },
      "data-type-utils": {
         "version": "1.4.2",
         "resolved": "https://registry.npmjs.org/data-type-utils/-/data-type-utils-1.4.2.tgz",
         "integrity": "sha512-11UL3HFy08G39qQR04Xo+O+iDwzQpVSrBB+auNFDjXsPWq9ElXyZcCcadodSSgO8epo6cNwVEjkCNIyXTCllaw=="
      },
      "follow-redirects": {
         "version": "1.14.8",
         "resolved": "https://registry.npmjs.org/follow-redirects/-/follow-redirects-1.14.8.tgz",
         "integrity": "sha512-1x0S9UVJHsQprFcEC/qnNzBLcIxsjAV905f/UkQxbclCsoTWlacCNOpQa/anodLl2uaEKFhfWOvM2Qg77+15zA=="
      },
      "graceful-fs": {
         "version": "4.2.4",
         "resolved": "https://registry.npmjs.org/graceful-fs/-/graceful-fs-4.2.4.tgz",
         "integrity": "sha512-WjKPNJF79dtJAVniUlGGWHYGz2jWxT6VhN/4m1NdkbZ2nOsEF+cI1Edgql5zCRhs/VsQYRvrXctxktVXZUkixw==",
         "optional": true
      },
      "http-status": {
         "version": "1.5.0",
         "resolved": "https://registry.npmjs.org/http-status/-/http-status-1.5.0.tgz",
         "integrity": "sha512-wcGvY31MpFNHIkUcXHHnvrE4IKYlpvitJw5P/1u892gMBAM46muQ+RH7UN1d+Ntnfx5apnOnVY6vcLmrWHOLwg=="
      },
      "jsonfile": {
         "version": "6.1.0",
         "resolved": "https://registry.npmjs.org/jsonfile/-/jsonfile-6.1.0.tgz",
         "integrity": "sha512-5dgndWOriYSm5cnYaJNhalLNDKOqFwyDB/rr1E9ZsGciGvKPs8R2xYGCacuf3z6K1YKDz182fd+fY3cn3pMqXQ==",
         "requires": {
            "graceful-fs": "^4.1.6",
            "universalify": "^2.0.0"
         }
      },
      "universalify": {
         "version": "2.0.0",
         "resolved": "https://registry.npmjs.org/universalify/-/universalify-2.0.0.tgz",
         "integrity": "sha512-hAZsKq7Yy11Zu1DE0OzWjw7nnLZmJZYTDZZyEFHZdUhV8FkH5MCfoU1XMaxXovpyW5nq5scPqq0ZDP9Zyl04oQ=="
      }
   }
}
